// !$*UTF8*$!
{
	archiveVersion = 1;
	classes = {
	};
	objectVersion = 48;
	objects = {

/* Begin PBXBuildFile section */
		28460FC11FBF557000333FF5 /* ConsoleIO.swift in Sources */ = {isa = PBXBuildFile; fileRef = 28460FC01FBF557000333FF5 /* ConsoleIO.swift */; };
		28460FC31FBF561B00333FF5 /* DosImgWriter.swift in Sources */ = {isa = PBXBuildFile; fileRef = 28460FC21FBF561B00333FF5 /* DosImgWriter.swift */; };
		28460FC51FBF708000333FF5 /* DiskImage.swift in Sources */ = {isa = PBXBuildFile; fileRef = 28460FC41FBF708000333FF5 /* DiskImage.swift */; };
		28DDEF781FBE251D004A936F /* main.swift in Sources */ = {isa = PBXBuildFile; fileRef = 28DDEF771FBE251D004A936F /* main.swift */; };
		28DDEF801FBE2D2C004A936F /* main.swift in Sources */ = {isa = PBXBuildFile; fileRef = 28DDEF771FBE251D004A936F /* main.swift */; };
/* End PBXBuildFile section */

/* Begin PBXCopyFilesBuildPhase section */
		28DDEF721FBE251D004A936F /* CopyFiles */ = {
			isa = PBXCopyFilesBuildPhase;
			buildActionMask = 2147483647;
			dstPath = /usr/share/man/man1/;
			dstSubfolderSpec = 0;
			files = (
			);
			runOnlyForDeploymentPostprocessing = 1;
		};
		28DDEF821FBE2D2C004A936F /* CopyFiles */ = {
			isa = PBXCopyFilesBuildPhase;
			buildActionMask = 2147483647;
			dstPath = /usr/share/man/man1/;
			dstSubfolderSpec = 0;
			files = (
			);
			runOnlyForDeploymentPostprocessing = 1;
		};
/* End PBXCopyFilesBuildPhase section */

/* Begin PBXFileReference section */
		28460FC01FBF557000333FF5 /* ConsoleIO.swift */ = {isa = PBXFileReference; lastKnownFileType = sourcecode.swift; path = ConsoleIO.swift; sourceTree = "<group>"; };
		28460FC21FBF561B00333FF5 /* DosImgWriter.swift */ = {isa = PBXFileReference; lastKnownFileType = sourcecode.swift; path = DosImgWriter.swift; sourceTree = "<group>"; };
		28460FC41FBF708000333FF5 /* DiskImage.swift */ = {isa = PBXFileReference; lastKnownFileType = sourcecode.swift; path = DiskImage.swift; sourceTree = "<group>"; };
		28DDEF741FBE251D004A936F /* DosImgWriter-cli */ = {isa = PBXFileReference; explicitFileType = "compiled.mach-o.executable"; includeInIndex = 0; path = "DosImgWriter-cli"; sourceTree = BUILT_PRODUCTS_DIR; };
		28DDEF771FBE251D004A936F /* main.swift */ = {isa = PBXFileReference; lastKnownFileType = sourcecode.swift; path = main.swift; sourceTree = "<group>"; };
		28DDEF861FBE2D2C004A936F /* DosImgWriter-cli copy */ = {isa = PBXFileReference; explicitFileType = "compiled.mach-o.executable"; includeInIndex = 0; path = "DosImgWriter-cli copy"; sourceTree = BUILT_PRODUCTS_DIR; };
/* End PBXFileReference section */

/* Begin PBXFrameworksBuildPhase section */
		28DDEF711FBE251D004A936F /* Frameworks */ = {
			isa = PBXFrameworksBuildPhase;
			buildActionMask = 2147483647;
			files = (
			);
			runOnlyForDeploymentPostprocessing = 0;
		};
		28DDEF811FBE2D2C004A936F /* Frameworks */ = {
			isa = PBXFrameworksBuildPhase;
			buildActionMask = 2147483647;
			files = (
			);
			runOnlyForDeploymentPostprocessing = 0;
		};
/* End PBXFrameworksBuildPhase section */

/* Begin PBXGroup section */
		28DDEF6B1FBE251C004A936F = {
			isa = PBXGroup;
			children = (
				28460FC01FBF557000333FF5 /* ConsoleIO.swift */,
				28460FC21FBF561B00333FF5 /* DosImgWriter.swift */,
				28460FC41FBF708000333FF5 /* DiskImage.swift */,
				28DDEF761FBE251D004A936F /* DosImgWriter-cli */,
				28DDEF751FBE251D004A936F /* Products */,
			);
			sourceTree = "<group>";
		};
		28DDEF751FBE251D004A936F /* Products */ = {
			isa = PBXGroup;
			children = (
				28DDEF741FBE251D004A936F /* DosImgWriter-cli */,
				28DDEF861FBE2D2C004A936F /* DosImgWriter-cli copy */,
			);
			name = Products;
			sourceTree = "<group>";
		};
		28DDEF761FBE251D004A936F /* DosImgWriter-cli */ = {
			isa = PBXGroup;
			children = (
				28DDEF771FBE251D004A936F /* main.swift */,
			);
			path = "DosImgWriter-cli";
			sourceTree = "<group>";
		};
/* End PBXGroup section */

/* Begin PBXNativeTarget section */
		28DDEF731FBE251D004A936F /* DosImgWriter-cli */ = {
			isa = PBXNativeTarget;
			buildConfigurationList = 28DDEF7B1FBE251D004A936F /* Build configuration list for PBXNativeTarget "DosImgWriter-cli" */;
			buildPhases = (
				28DDEF701FBE251D004A936F /* Sources */,
				28DDEF711FBE251D004A936F /* Frameworks */,
				28DDEF721FBE251D004A936F /* CopyFiles */,
			);
			buildRules = (
			);
			dependencies = (
			);
			name = "DosImgWriter-cli";
			productName = "DosImgWriter-cli";
			productReference = 28DDEF741FBE251D004A936F /* DosImgWriter-cli */;
			productType = "com.apple.product-type.tool";
		};
		28DDEF7E1FBE2D2C004A936F /* DosImgWriter-cli copy */ = {
			isa = PBXNativeTarget;
			buildConfigurationList = 28DDEF831FBE2D2C004A936F /* Build configuration list for PBXNativeTarget "DosImgWriter-cli copy" */;
			buildPhases = (
				28DDEF7F1FBE2D2C004A936F /* Sources */,
				28DDEF811FBE2D2C004A936F /* Frameworks */,
				28DDEF821FBE2D2C004A936F /* CopyFiles */,
			);
			buildRules = (
			);
			dependencies = (
			);
			name = "DosImgWriter-cli copy";
			productName = "DosImgWriter-cli";
			productReference = 28DDEF861FBE2D2C004A936F /* DosImgWriter-cli copy */;
			productType = "com.apple.product-type.tool";
		};
/* End PBXNativeTarget section */

/* Begin PBXProject section */
		28DDEF6C1FBE251C004A936F /* Project object */ = {
			isa = PBXProject;
			attributes = {
				LastSwiftUpdateCheck = 0910;
				LastUpgradeCheck = 0910;
				ORGANIZATIONNAME = "Harry Culpan";
				TargetAttributes = {
					28DDEF731FBE251D004A936F = {
						CreatedOnToolsVersion = 9.1;
						ProvisioningStyle = Automatic;
					};
					28DDEF7E1FBE2D2C004A936F = {
						ProvisioningStyle = Automatic;
					};
				};
			};
			buildConfigurationList = 28DDEF6F1FBE251C004A936F /* Build configuration list for PBXProject "DosImgWriter-cli" */;
			compatibilityVersion = "Xcode 8.0";
			developmentRegion = en;
			hasScannedForEncodings = 0;
			knownRegions = (
				en,
			);
			mainGroup = 28DDEF6B1FBE251C004A936F;
			productRefGroup = 28DDEF751FBE251D004A936F /* Products */;
			projectDirPath = "";
			projectRoot = "";
			targets = (
				28DDEF731FBE251D004A936F /* DosImgWriter-cli */,
				28DDEF7E1FBE2D2C004A936F /* DosImgWriter-cli copy */,
			);
		};
/* End PBXProject section */

/* Begin PBXSourcesBuildPhase section */
		28DDEF701FBE251D004A936F /* Sources */ = {
			isa = PBXSourcesBuildPhase;
			buildActionMask = 2147483647;
			files = (
				28460FC51FBF708000333FF5 /* DiskImage.swift in Sources */,
				28DDEF781FBE251D004A936F /* main.swift in Sources */,
				28460FC11FBF557000333FF5 /* ConsoleIO.swift in Sources */,
				28460FC31FBF561B00333FF5 /* DosImgWriter.swift in Sources */,
			);
			runOnlyForDeploymentPostprocessing = 0;
		};
		28DDEF7F1FBE2D2C004A936F /* Sources */ = {
			isa = PBXSourcesBuildPhase;
			buildActionMask = 2147483647;
			files = (
				28DDEF801FBE2D2C004A936F /* main.swift in Sources */,
			);
			runOnlyForDeploymentPostprocessing = 0;
		};
/* End PBXSourcesBuildPhase section */

/* Begin XCBuildConfiguration section */
		28DDEF791FBE251D004A936F /* Debug */ = {
			isa = XCBuildConfiguration;
			buildSettings = {
				ALWAYS_SEARCH_USER_PATHS = NO;
				CLANG_ANALYZER_NONNULL = YES;
				CLANG_ANALYZER_NUMBER_OBJECT_CONVERSION = YES_AGGRESSIVE;
				CLANG_CXX_LANGUAGE_STANDARD = "gnu++14";
				CLANG_CXX_LIBRARY = "libc++";
				CLANG_ENABLE_MODULES = YES;
				CLANG_ENABLE_OBJC_ARC = YES;
				CLANG_WARN_BLOCK_CAPTURE_AUTORELEASING = YES;
				CLANG_WARN_BOOL_CONVERSION = YES;
				CLANG_WARN_COMMA = YES;
				CLANG_WARN_CONSTANT_CONVERSION = YES;
				CLANG_WARN_DIRECT_OBJC_ISA_USAGE = YES_ERROR;
				CLANG_WARN_DOCUMENTATION_COMMENTS = YES;
				CLANG_WARN_EMPTY_BODY = YES;
				CLANG_WARN_ENUM_CONVERSION = YES;
				CLANG_WARN_INFINITE_RECURSION = YES;
				CLANG_WARN_INT_CONVERSION = YES;
				CLANG_WARN_NON_LITERAL_NULL_CONVERSION = YES;
				CLANG_WARN_OBJC_LITERAL_CONVERSION = YES;
				CLANG_WARN_OBJC_ROOT_CLASS = YES_ERROR;
				CLANG_WARN_RANGE_LOOP_ANALYSIS = YES;
				CLANG_WARN_STRICT_PROTOTYPES = YES;
				CLANG_WARN_SUSPICIOUS_MOVE = YES;
				CLANG_WARN_UNGUARDED_AVAILABILITY = YES_AGGRESSIVE;
				CLANG_WARN_UNREACHABLE_CODE = YES;
				CLANG_WARN__DUPLICATE_METHOD_MATCH = YES;
				CODE_SIGN_IDENTITY = "Mac Developer";
				COPY_PHASE_STRIP = NO;
				DEBUG_INFORMATION_FORMAT = dwarf;
				ENABLE_STRICT_OBJC_MSGSEND = YES;
				ENABLE_TESTABILITY = YES;
				GCC_C_LANGUAGE_STANDARD = gnu11;
				GCC_DYNAMIC_NO_PIC = NO;
				GCC_NO_COMMON_BLOCKS = YES;
				GCC_OPTIMIZATION_LEVEL = 0;
				GCC_PREPROCESSOR_DEFINITIONS = (
					"DEBUG=1",
					"$(inherited)",
				);
				GCC_WARN_64_TO_32_BIT_CONVERSION = YES;
				GCC_WARN_ABOUT_RETURN_TYPE = YES_ERROR;
				GCC_WARN_UNDECLARED_SELECTOR = YES;
				GCC_WARN_UNINITIALIZED_AUTOS = YES_AGGRESSIVE;
				GCC_WARN_UNUSED_FUNCTION = YES;
				GCC_WARN_UNUSED_VARIABLE = YES;
				MACOSX_DEPLOYMENT_TARGET = 10.12;
				MTL_ENABLE_DEBUG_INFO = YES;
				ONLY_ACTIVE_ARCH = YES;
				SDKROOT = macosx;
				SWIFT_ACTIVE_COMPILATION_CONDITIONS = DEBUG;
				SWIFT_OPTIMIZATION_LEVEL = "-Onone";
			};
			name = Debug;
		};
		28DDEF7A1FBE251D004A936F /* Release */ = {
			isa = XCBuildConfiguration;
			buildSettings = {
				ALWAYS_SEARCH_USER_PATHS = NO;
				CLANG_ANALYZER_NONNULL = YES;
				CLANG_ANALYZER_NUMBER_OBJECT_CONVERSION = YES_AGGRESSIVE;
				CLANG_CXX_LANGUAGE_STANDARD = "gnu++14";
				CLANG_CXX_LIBRARY = "libc++";
				CLANG_ENABLE_MODULES = YES;
				CLANG_ENABLE_OBJC_ARC = YES;
				CLANG_WARN_BLOCK_CAPTURE_AUTORELEASING = YES;
				CLANG_WARN_BOOL_CONVERSION = YES;
				CLANG_WARN_COMMA = YES;
				CLANG_WARN_CONSTANT_CONVERSION = YES;
				CLANG_WARN_DIRECT_OBJC_ISA_USAGE = YES_ERROR;
				CLANG_WARN_DOCUMENTATION_COMMENTS = YES;
				CLANG_WARN_EMPTY_BODY = YES;
				CLANG_WARN_ENUM_CONVERSION = YES;
				CLANG_WARN_INFINITE_RECURSION = YES;
				CLANG_WARN_INT_CONVERSION = YES;
				CLANG_WARN_NON_LITERAL_NULL_CONVERSION = YES;
				CLANG_WARN_OBJC_LITERAL_CONVERSION = YES;
				CLANG_WARN_OBJC_ROOT_CLASS = YES_ERROR;
				CLANG_WARN_RANGE_LOOP_ANALYSIS = YES;
				CLANG_WARN_STRICT_PROTOTYPES = YES;
				CLANG_WARN_SUSPICIOUS_MOVE = YES;
				CLANG_WARN_UNGUARDED_AVAILABILITY = YES_AGGRESSIVE;
				CLANG_WARN_UNREACHABLE_CODE = YES;
				CLANG_WARN__DUPLICATE_METHOD_MATCH = YES;
				CODE_SIGN_IDENTITY = "Mac Developer";
				COPY_PHASE_STRIP = NO;
				DEBUG_INFORMATION_FORMAT = "dwarf-with-dsym";
				ENABLE_NS_ASSERTIONS = NO;
				ENABLE_STRICT_OBJC_MSGSEND = YES;
				GCC_C_LANGUAGE_STANDARD = gnu11;
				GCC_NO_COMMON_BLOCKS = YES;
				GCC_WARN_64_TO_32_BIT_CONVERSION = YES;
				GCC_WARN_ABOUT_RETURN_TYPE = YES_ERROR;
				GCC_WARN_UNDECLARED_SELECTOR = YES;
				GCC_WARN_UNINITIALIZED_AUTOS = YES_AGGRESSIVE;
				GCC_WARN_UNUSED_FUNCTION = YES;
				GCC_WARN_UNUSED_VARIABLE = YES;
				MACOSX_DEPLOYMENT_TARGET = 10.12;
				MTL_ENABLE_DEBUG_INFO = NO;
				SDKROOT = macosx;
				SWIFT_OPTIMIZATION_LEVEL = "-Owholemodule";
			};
			name = Release;
		};
		28DDEF7C1FBE251D004A936F /* Debug */ = {
			isa = XCBuildConfiguration;
			buildSettings = {
				CODE_SIGN_STYLE = Automatic;
				DEVELOPMENT_TEAM = MJU8RT9X3R;
				PRODUCT_NAME = "$(TARGET_NAME)";
				SWIFT_VERSION = 4.0;
			};
			name = Debug;
		};
		28DDEF7D1FBE251D004A936F /* Release */ = {
			isa = XCBuildConfiguration;
			buildSettings = {
				CODE_SIGN_STYLE = Automatic;
				DEVELOPMENT_TEAM = MJU8RT9X3R;
				PRODUCT_NAME = "$(TARGET_NAME)";
				SWIFT_VERSION = 4.0;
			};
			name = Release;
		};
		28DDEF841FBE2D2C004A936F /* Debug */ = {
			isa = XCBuildConfiguration;
			buildSettings = {
				CODE_SIGN_STYLE = Automatic;
				DEVELOPMENT_TEAM = MJU8RT9X3R;
				PRODUCT_NAME = "$(TARGET_NAME)";
				SWIFT_VERSION = 4.0;
			};
			name = Debug;
		};
		28DDEF851FBE2D2C004A936F /* Release */ = {
			isa = XCBuildConfiguration;
			buildSettings = {
				CODE_SIGN_STYLE = Automatic;
				DEVELOPMENT_TEAM = MJU8RT9X3R;
				PRODUCT_NAME = "$(TARGET_NAME)";
				SWIFT_VERSION = 4.0;
			};
			name = Release;
		};
/* End XCBuildConfiguration section */

/* Begin XCConfigurationList section */
		28DDEF6F1FBE251C004A936F /* Build configuration list for PBXProject "DosImgWriter-cli" */ = {
			isa = XCConfigurationList;
			buildConfigurations = (
				28DDEF791FBE251D004A936F /* Debug */,
				28DDEF7A1FBE251D004A936F /* Release */,
			);
			defaultConfigurationIsVisible = 0;
			defaultConfigurationName = Release;
		};
		28DDEF7B1FBE251D004A936F /* Build configuration list for PBXNativeTarget "DosImgWriter-cli" */ = {
			isa = XCConfigurationList;
			buildConfigurations = (
				28DDEF7C1FBE251D004A936F /* Debug */,
				28DDEF7D1FBE251D004A936F /* Release */,
			);
			defaultConfigurationIsVisible = 0;
			defaultConfigurationName = Release;
		};
		28DDEF831FBE2D2C004A936F /* Build configuration list for PBXNativeTarget "DosImgWriter-cli copy" */ = {
			isa = XCConfigurationList;
			buildConfigurations = (
				28DDEF841FBE2D2C004A936F /* Debug */,
				28DDEF851FBE2D2C004A936F /* Release */,
			);
			defaultConfigurationIsVisible = 0;
			defaultConfigurationName = Release;
		};
/* End XCConfigurationList section */
	};
	rootObject = 28DDEF6C1FBE251C004A936F /* Project object */;
}
